
Microsoft Visual Studio Solution File, Format Version 12.00
# Visual Studio Version 16
VisualStudioVersion = 16.0.31005.135
MinimumVisualStudioVersion = 10.0.40219.1
Project("{FAE04EC0-301F-11D3-BF4B-00C04F79EFBC}") = "SABDZ1", "SABDZ1\SABDZ1.csproj", "{67739059-04CE-439E-9936-9EC5EA3DBEDB}"
EndProject
Global
	GlobalSection(SolutionConfigurationPlatforms) = preSolution
		Debug|Any CPU = Debug|Any CPU
		Release|Any CPU = Release|Any CPU
	EndGlobalSection
	GlobalSection(ProjectConfigurationPlatforms) = postSolution
		{67739059-04CE-439E-9936-9EC5EA3DBEDB}.Debug|Any CPU.ActiveCfg = Debug|Any CPU
		{67739059-04CE-439E-9936-9EC5EA3DBEDB}.Debug|Any CPU.Build.0 = Debug|Any CPU
		{67739059-04CE-439E-9936-9EC5EA3DBEDB}.Release|Any CPU.ActiveCfg = Release|Any CPU
		{67739059-04CE-439E-9936-9EC5EA3DBEDB}.Release|Any CPU.Build.0 = Release|Any CPU
	EndGlobalSection
	GlobalSection(SolutionProperties) = preSolution
		HideSolutionNode = FALSE
	EndGlobalSection
	GlobalSection(ExtensibilityGlobals) = postSolution
		SolutionGuid = {388F062B-15BA-40D2-B726-D549AC8F695F}
	EndGlobalSection
EndGlobal
